
Microsoft Visual Studio Solution File, Format Version 12.00
# Visual Studio Version 17
VisualStudioVersion = 17.14.37216.2 d17.14
MinimumVisualStudioVersion = 10.0.40219.1
Project("{FAE04EC0-301F-11D3-BF4B-00C04F79EFBC}") = "WpfApp1", "WpfApp1.csproj", "{BCF893B8-2882-4DB8-9A8F-73131FC02E9A}"
EndProject
Global
	GlobalSection(SolutionConfigurationPlatforms) = preSolution
		Debug|Any CPU = Debug|Any CPU
		Release|Any CPU = Release|Any CPU
	EndGlobalSection
	GlobalSection(ProjectConfigurationPlatforms) = postSolution
		{BCF893B8-2882-4DB8-9A8F-73131FC02E9A}.Debug|Any CPU.ActiveCfg = Debug|Any CPU
		{BCF893B8-2882-4DB8-9A8F-73131FC02E9A}.Debug|Any CPU.Build.0 = Debug|Any CPU
		{BCF893B8-2882-4DB8-9A8F-73131FC02E9A}.Release|Any CPU.ActiveCfg = Release|Any CPU
		{BCF893B8-2882-4DB8-9A8F-73131FC02E9A}.Release|Any CPU.Build.0 = Release|Any CPU
	EndGlobalSection
	GlobalSection(SolutionProperties) = preSolution
		HideSolutionNode = FALSE
	EndGlobalSection
	GlobalSection(ExtensibilityGlobals) = postSolution
		SolutionGuid = {B642604E-CF39-4360-81A0-8596C27A7540}
	EndGlobalSection
EndGlobal
